PODS:
  - AWSCore (2.13.1)
  - AWSS3 (2.13.1):
    - AWSCore (= 2.13.1)
  - Kingfisher (5.13.3):
    - Kingfisher/Core (= 5.13.3)
  - Kingfisher/Core (5.13.3)
  - TOCropViewController (2.5.2)

DEPENDENCIES:
  - AWSS3
  - Kingfisher
  - TOCropViewController

SPEC REPOS:
  trunk:
    - AWSCore
    - AWSS3
    - Kingfisher
    - TOCropViewController

SPEC CHECKSUMS:
  AWSCore: ec394695d054fa4136b20ccd22d8901faea5de04
  AWSS3: 03511ee2f0482f1674b864d7f6ceddc7184f8491
  Kingfisher: d2b3d6a7200c93b34de9afcdf25c8dd9282ec277
  TOCropViewController: e9da34f484aedd4e5d5a8ab230ba217cfe16c729

PODFILE CHECKSUM: f020de91961cbc06e508a47215fe8ca39961f0ed

COCOAPODS: 1.9.1
